// !$*UTF8*$!
{
	archiveVersion = 1;
	classes = {
	};
	objectVersion = 50;
	objects = {

/* Begin PBXBuildFile section */
		58C188ED9C355FDE43758865 /* Pods_BookingMap.framework in Frameworks */ = {isa = PBXBuildFile; fileRef = 09E204D2C8BF322CCA718A46 /* Pods_BookingMap.framework */; };
		B27E9F0C21382587008328AF /* AppDelegate.swift in Sources */ = {isa = PBXBuildFile; fileRef = B27E9F0B21382587008328AF /* AppDelegate.swift */; };
		B27E9F132138258D008328AF /* Assets.xcassets in Resources */ = {isa = PBXBuildFile; fileRef = B27E9F122138258D008328AF /* Assets.xcassets */; };
		B27E9F162138258D008328AF /* LaunchScreen.storyboard in Resources */ = {isa = PBXBuildFile; fileRef = B27E9F142138258D008328AF /* LaunchScreen.storyboard */; };
		B27E9F20213825E6008328AF /* MainViewController.swift in Sources */ = {isa = PBXBuildFile; fileRef = B27E9F1E213825E6008328AF /* MainViewController.swift */; };
		B27E9F21213825E6008328AF /* MainViewController.xib in Resources */ = {isa = PBXBuildFile; fileRef = B27E9F1F213825E6008328AF /* MainViewController.xib */; };
		B27E9F2521382644008328AF /* Coordinator.swift in Sources */ = {isa = PBXBuildFile; fileRef = B27E9F2421382644008328AF /* Coordinator.swift */; };
		B27E9F27213827A1008328AF /* MainCoordinator.swift in Sources */ = {isa = PBXBuildFile; fileRef = B27E9F26213827A1008328AF /* MainCoordinator.swift */; };
		B27E9F29213827C2008328AF /* MainViewModel.swift in Sources */ = {isa = PBXBuildFile; fileRef = B27E9F28213827C2008328AF /* MainViewModel.swift */; };
		B27E9F2D21382B7D008328AF /* LocationService.swift in Sources */ = {isa = PBXBuildFile; fileRef = B27E9F2C21382B7D008328AF /* LocationService.swift */; };
		B27E9F2F21383578008328AF /* NetworkingService.swift in Sources */ = {isa = PBXBuildFile; fileRef = B27E9F2E21383578008328AF /* NetworkingService.swift */; };
		B27E9F32213836D8008328AF /* Constants.swift in Sources */ = {isa = PBXBuildFile; fileRef = B27E9F31213836D8008328AF /* Constants.swift */; };
		B27E9F34213837DB008328AF /* Betshops.swift in Sources */ = {isa = PBXBuildFile; fileRef = B27E9F33213837DB008328AF /* Betshops.swift */; };
		B27E9F3921384D26008328AF /* CustomAnnotation.swift in Sources */ = {isa = PBXBuildFile; fileRef = B27E9F3821384D26008328AF /* CustomAnnotation.swift */; };
		B27E9F3B21384D3E008328AF /* CustomAnnotationView.swift in Sources */ = {isa = PBXBuildFile; fileRef = B27E9F3A21384D3E008328AF /* CustomAnnotationView.swift */; };
/* End PBXBuildFile section */

/* Begin PBXFileReference section */
		09E204D2C8BF322CCA718A46 /* Pods_BookingMap.framework */ = {isa = PBXFileReference; explicitFileType = wrapper.framework; includeInIndex = 0; path = Pods_BookingMap.framework; sourceTree = BUILT_PRODUCTS_DIR; };
		2B6B0F091F35ACF26E625465 /* Pods-BookingMap.release.xcconfig */ = {isa = PBXFileReference; includeInIndex = 1; lastKnownFileType = text.xcconfig; name = "Pods-BookingMap.release.xcconfig"; path = "Pods/Target Support Files/Pods-BookingMap/Pods-BookingMap.release.xcconfig"; sourceTree = "<group>"; };
		4DE6F53A253C3CE6ED949D03 /* Pods-BookingMap.debug.xcconfig */ = {isa = PBXFileReference; includeInIndex = 1; lastKnownFileType = text.xcconfig; name = "Pods-BookingMap.debug.xcconfig"; path = "Pods/Target Support Files/Pods-BookingMap/Pods-BookingMap.debug.xcconfig"; sourceTree = "<group>"; };
		B27E9F0821382587008328AF /* BookingMap.app */ = {isa = PBXFileReference; explicitFileType = wrapper.application; includeInIndex = 0; path = BookingMap.app; sourceTree = BUILT_PRODUCTS_DIR; };
		B27E9F0B21382587008328AF /* AppDelegate.swift */ = {isa = PBXFileReference; lastKnownFileType = sourcecode.swift; path = AppDelegate.swift; sourceTree = "<group>"; };
		B27E9F122138258D008328AF /* Assets.xcassets */ = {isa = PBXFileReference; lastKnownFileType = folder.assetcatalog; path = Assets.xcassets; sourceTree = "<group>"; };
		B27E9F152138258D008328AF /* Base */ = {isa = PBXFileReference; lastKnownFileType = file.storyboard; name = Base; path = Base.lproj/LaunchScreen.storyboard; sourceTree = "<group>"; };
		B27E9F172138258D008328AF /* Info.plist */ = {isa = PBXFileReference; lastKnownFileType = text.plist.xml; path = Info.plist; sourceTree = "<group>"; };
		B27E9F1E213825E6008328AF /* MainViewController.swift */ = {isa = PBXFileReference; lastKnownFileType = sourcecode.swift; path = MainViewController.swift; sourceTree = "<group>"; };
		B27E9F1F213825E6008328AF /* MainViewController.xib */ = {isa = PBXFileReference; lastKnownFileType = file.xib; path = MainViewController.xib; sourceTree = "<group>"; };
		B27E9F2421382644008328AF /* Coordinator.swift */ = {isa = PBXFileReference; lastKnownFileType = sourcecode.swift; path = Coordinator.swift; sourceTree = "<group>"; };
		B27E9F26213827A1008328AF /* MainCoordinator.swift */ = {isa = PBXFileReference; lastKnownFileType = sourcecode.swift; path = MainCoordinator.swift; sourceTree = "<group>"; };
		B27E9F28213827C2008328AF /* MainViewModel.swift */ = {isa = PBXFileReference; lastKnownFileType = sourcecode.swift; path = MainViewModel.swift; sourceTree = "<group>"; };
		B27E9F2C21382B7D008328AF /* LocationService.swift */ = {isa = PBXFileReference; lastKnownFileType = sourcecode.swift; path = LocationService.swift; sourceTree = "<group>"; };
		B27E9F2E21383578008328AF /* NetworkingService.swift */ = {isa = PBXFileReference; lastKnownFileType = sourcecode.swift; path = NetworkingService.swift; sourceTree = "<group>"; };
		B27E9F31213836D8008328AF /* Constants.swift */ = {isa = PBXFileReference; lastKnownFileType = sourcecode.swift; path = Constants.swift; sourceTree = "<group>"; };
		B27E9F33213837DB008328AF /* Betshops.swift */ = {isa = PBXFileReference; lastKnownFileType = sourcecode.swift; path = Betshops.swift; sourceTree = "<group>"; };
		B27E9F3821384D26008328AF /* CustomAnnotation.swift */ = {isa = PBXFileReference; lastKnownFileType = sourcecode.swift; path = CustomAnnotation.swift; sourceTree = "<group>"; };
		B27E9F3A21384D3E008328AF /* CustomAnnotationView.swift */ = {isa = PBXFileReference; lastKnownFileType = sourcecode.swift; path = CustomAnnotationView.swift; sourceTree = "<group>"; };
/* End PBXFileReference section */

/* Begin PBXFrameworksBuildPhase section */
		B27E9F0521382587008328AF /* Frameworks */ = {
			isa = PBXFrameworksBuildPhase;
			buildActionMask = 2147483647;
			files = (
				58C188ED9C355FDE43758865 /* Pods_BookingMap.framework in Frameworks */,
			);
			runOnlyForDeploymentPostprocessing = 0;
		};
/* End PBXFrameworksBuildPhase section */

/* Begin PBXGroup section */
		94C82BDBD90DC15A5CD17185 /* Pods */ = {
			isa = PBXGroup;
			children = (
				4DE6F53A253C3CE6ED949D03 /* Pods-BookingMap.debug.xcconfig */,
				2B6B0F091F35ACF26E625465 /* Pods-BookingMap.release.xcconfig */,
			);
			name = Pods;
			sourceTree = "<group>";
		};
		B27E9EFF21382587008328AF = {
			isa = PBXGroup;
			children = (
				B27E9F0A21382587008328AF /* BookingMap */,
				B27E9F0921382587008328AF /* Products */,
				94C82BDBD90DC15A5CD17185 /* Pods */,
				C156B14D33BFF385CD777482 /* Frameworks */,
			);
			sourceTree = "<group>";
		};
		B27E9F0921382587008328AF /* Products */ = {
			isa = PBXGroup;
			children = (
				B27E9F0821382587008328AF /* BookingMap.app */,
			);
			name = Products;
			sourceTree = "<group>";
		};
		B27E9F0A21382587008328AF /* BookingMap */ = {
			isa = PBXGroup;
			children = (
				B27E9F0B21382587008328AF /* AppDelegate.swift */,
				B27E9F222138261E008328AF /* Components */,
				B27E9F2B21382B59008328AF /* Services */,
				B27E9F30213836C3008328AF /* Utility */,
				B27E9F1D213825B0008328AF /* Supporting Files */,
			);
			path = BookingMap;
			sourceTree = "<group>";
		};
		B27E9F1D213825B0008328AF /* Supporting Files */ = {
			isa = PBXGroup;
			children = (
				B27E9F122138258D008328AF /* Assets.xcassets */,
				B27E9F142138258D008328AF /* LaunchScreen.storyboard */,
				B27E9F172138258D008328AF /* Info.plist */,
			);
			path = "Supporting Files";
			sourceTree = "<group>";
		};
		B27E9F222138261E008328AF /* Components */ = {
			isa = PBXGroup;
			children = (
				B27E9F3721384D01008328AF /* Map */,
				B27E9F232138262E008328AF /* Coordinator */,
				B27E9F2A2138281B008328AF /* Main */,
			);
			path = Components;
			sourceTree = "<group>";
		};
		B27E9F232138262E008328AF /* Coordinator */ = {
			isa = PBXGroup;
			children = (
				B27E9F2421382644008328AF /* Coordinator.swift */,
			);
			path = Coordinator;
			sourceTree = "<group>";
		};
		B27E9F2A2138281B008328AF /* Main */ = {
			isa = PBXGroup;
			children = (
				B27E9F1E213825E6008328AF /* MainViewController.swift */,
				B27E9F1F213825E6008328AF /* MainViewController.xib */,
				B27E9F26213827A1008328AF /* MainCoordinator.swift */,
				B27E9F28213827C2008328AF /* MainViewModel.swift */,
			);
			path = Main;
			sourceTree = "<group>";
		};
		B27E9F2B21382B59008328AF /* Services */ = {
			isa = PBXGroup;
			children = (
				B27E9F2C21382B7D008328AF /* LocationService.swift */,
				B27E9F35213837E7008328AF /* Networking */,
			);
			path = Services;
			sourceTree = "<group>";
		};
		B27E9F30213836C3008328AF /* Utility */ = {
			isa = PBXGroup;
			children = (
				B27E9F31213836D8008328AF /* Constants.swift */,
			);
			path = Utility;
			sourceTree = "<group>";
		};
		B27E9F35213837E7008328AF /* Networking */ = {
			isa = PBXGroup;
			children = (
				B27E9F2E21383578008328AF /* NetworkingService.swift */,
				B27E9F36213837EF008328AF /* Data */,
			);
			path = Networking;
			sourceTree = "<group>";
		};
		B27E9F36213837EF008328AF /* Data */ = {
			isa = PBXGroup;
			children = (
				B27E9F33213837DB008328AF /* Betshops.swift */,
			);
			path = Data;
			sourceTree = "<group>";
		};
		B27E9F3721384D01008328AF /* Map */ = {
			isa = PBXGroup;
			children = (
				B27E9F3821384D26008328AF /* CustomAnnotation.swift */,
				B27E9F3A21384D3E008328AF /* CustomAnnotationView.swift */,
			);
			path = Map;
			sourceTree = "<group>";
		};
		C156B14D33BFF385CD777482 /* Frameworks */ = {
			isa = PBXGroup;
			children = (
				09E204D2C8BF322CCA718A46 /* Pods_BookingMap.framework */,
			);
			name = Frameworks;
			sourceTree = "<group>";
		};
/* End PBXGroup section */

/* Begin PBXNativeTarget section */
		B27E9F0721382587008328AF /* BookingMap */ = {
			isa = PBXNativeTarget;
			buildConfigurationList = B27E9F1A2138258D008328AF /* Build configuration list for PBXNativeTarget "BookingMap" */;
			buildPhases = (
				1F33D8BCF2B706F886BE09D1 /* [CP] Check Pods Manifest.lock */,
				B27E9F0421382587008328AF /* Sources */,
				B27E9F0521382587008328AF /* Frameworks */,
				B27E9F0621382587008328AF /* Resources */,
				E4CEFC87717015B7DC749448 /* [CP] Embed Pods Frameworks */,
			);
			buildRules = (
			);
			dependencies = (
			);
			name = BookingMap;
			productName = BookingMap;
			productReference = B27E9F0821382587008328AF /* BookingMap.app */;
			productType = "com.apple.product-type.application";
		};
/* End PBXNativeTarget section */

/* Begin PBXProject section */
		B27E9F0021382587008328AF /* Project object */ = {
			isa = PBXProject;
			attributes = {
				LastSwiftUpdateCheck = 0940;
				LastUpgradeCheck = 0940;
				ORGANIZATIONNAME = viseslav;
				TargetAttributes = {
					B27E9F0721382587008328AF = {
						CreatedOnToolsVersion = 9.4.1;
					};
				};
			};
			buildConfigurationList = B27E9F0321382587008328AF /* Build configuration list for PBXProject "BookingMap" */;
			compatibilityVersion = "Xcode 9.3";
			developmentRegion = en;
			hasScannedForEncodings = 0;
			knownRegions = (
				en,
				Base,
			);
			mainGroup = B27E9EFF21382587008328AF;
			productRefGroup = B27E9F0921382587008328AF /* Products */;
			projectDirPath = "";
			projectRoot = "";
			targets = (
				B27E9F0721382587008328AF /* BookingMap */,
			);
		};
/* End PBXProject section */

/* Begin PBXResourcesBuildPhase section */
		B27E9F0621382587008328AF /* Resources */ = {
			isa = PBXResourcesBuildPhase;
			buildActionMask = 2147483647;
			files = (
				B27E9F162138258D008328AF /* LaunchScreen.storyboard in Resources */,
				B27E9F21213825E6008328AF /* MainViewController.xib in Resources */,
				B27E9F132138258D008328AF /* Assets.xcassets in Resources */,
			);
			runOnlyForDeploymentPostprocessing = 0;
		};
/* End PBXResourcesBuildPhase section */

/* Begin PBXShellScriptBuildPhase section */
		1F33D8BCF2B706F886BE09D1 /* [CP] Check Pods Manifest.lock */ = {
			isa = PBXShellScriptBuildPhase;
			buildActionMask = 2147483647;
			files = (
			);
			inputPaths = (
				"${PODS_PODFILE_DIR_PATH}/Podfile.lock",
				"${PODS_ROOT}/Manifest.lock",
			);
			name = "[CP] Check Pods Manifest.lock";
			outputPaths = (
				"$(DERIVED_FILE_DIR)/Pods-BookingMap-checkManifestLockResult.txt",
			);
			runOnlyForDeploymentPostprocessing = 0;
			shellPath = /bin/sh;
			shellScript = "diff \"${PODS_PODFILE_DIR_PATH}/Podfile.lock\" \"${PODS_ROOT}/Manifest.lock\" > /dev/null\nif [ $? != 0 ] ; then\n    # print error to STDERR\n    echo \"error: The sandbox is not in sync with the Podfile.lock. Run 'pod install' or update your CocoaPods installation.\" >&2\n    exit 1\nfi\n# This output is used by Xcode 'outputs' to avoid re-running this script phase.\necho \"SUCCESS\" > \"${SCRIPT_OUTPUT_FILE_0}\"\n";
			showEnvVarsInLog = 0;
		};
		E4CEFC87717015B7DC749448 /* [CP] Embed Pods Frameworks */ = {
			isa = PBXShellScriptBuildPhase;
			buildActionMask = 2147483647;
			files = (
			);
			inputPaths = (
				"${SRCROOT}/Pods/Target Support Files/Pods-BookingMap/Pods-BookingMap-frameworks.sh",
				"${BUILT_PRODUCTS_DIR}/Alamofire/Alamofire.framework",
			);
			name = "[CP] Embed Pods Frameworks";
			outputPaths = (
				"${TARGET_BUILD_DIR}/${FRAMEWORKS_FOLDER_PATH}/Alamofire.framework",
			);
			runOnlyForDeploymentPostprocessing = 0;
			shellPath = /bin/sh;
			shellScript = "\"${SRCROOT}/Pods/Target Support Files/Pods-BookingMap/Pods-BookingMap-frameworks.sh\"\n";
			showEnvVarsInLog = 0;
		};
/* End PBXShellScriptBuildPhase section */

/* Begin PBXSourcesBuildPhase section */
		B27E9F0421382587008328AF /* Sources */ = {
			isa = PBXSourcesBuildPhase;
			buildActionMask = 2147483647;
			files = (
				B27E9F29213827C2008328AF /* MainViewModel.swift in Sources */,
				B27E9F0C21382587008328AF /* AppDelegate.swift in Sources */,
				B27E9F27213827A1008328AF /* MainCoordinator.swift in Sources */,
				B27E9F20213825E6008328AF /* MainViewController.swift in Sources */,
				B27E9F2D21382B7D008328AF /* LocationService.swift in Sources */,
				B27E9F3B21384D3E008328AF /* CustomAnnotationView.swift in Sources */,
				B27E9F2F21383578008328AF /* NetworkingService.swift in Sources */,
				B27E9F3921384D26008328AF /* CustomAnnotation.swift in Sources */,
				B27E9F2521382644008328AF /* Coordinator.swift in Sources */,
				B27E9F32213836D8008328AF /* Constants.swift in Sources */,
				B27E9F34213837DB008328AF /* Betshops.swift in Sources */,
			);
			runOnlyForDeploymentPostprocessing = 0;
		};
/* End PBXSourcesBuildPhase section */

/* Begin PBXVariantGroup section */
		B27E9F142138258D008328AF /* LaunchScreen.storyboard */ = {
			isa = PBXVariantGroup;
			children = (
				B27E9F152138258D008328AF /* Base */,
			);
			name = LaunchScreen.storyboard;
			sourceTree = "<group>";
		};
/* End PBXVariantGroup section */

/* Begin XCBuildConfiguration section */
		B27E9F182138258D008328AF /* Debug */ = {
			isa = XCBuildConfiguration;
			buildSettings = {
				ALWAYS_SEARCH_USER_PATHS = NO;
				CLANG_ANALYZER_NONNULL = YES;
				CLANG_ANALYZER_NUMBER_OBJECT_CONVERSION = YES_AGGRESSIVE;
				CLANG_CXX_LANGUAGE_STANDARD = "gnu++14";
				CLANG_CXX_LIBRARY = "libc++";
				CLANG_ENABLE_MODULES = YES;
				CLANG_ENABLE_OBJC_ARC = YES;
				CLANG_ENABLE_OBJC_WEAK = YES;
				CLANG_WARN_BLOCK_CAPTURE_AUTORELEASING = YES;
				CLANG_WARN_BOOL_CONVERSION = YES;
				CLANG_WARN_COMMA = YES;
				CLANG_WARN_CONSTANT_CONVERSION = YES;
				CLANG_WARN_DEPRECATED_OBJC_IMPLEMENTATIONS = YES;
				CLANG_WARN_DIRECT_OBJC_ISA_USAGE = YES_ERROR;
				CLANG_WARN_DOCUMENTATION_COMMENTS = YES;
				CLANG_WARN_EMPTY_BODY = YES;
				CLANG_WARN_ENUM_CONVERSION = YES;
				CLANG_WARN_INFINITE_RECURSION = YES;
				CLANG_WARN_INT_CONVERSION = YES;
				CLANG_WARN_NON_LITERAL_NULL_CONVERSION = YES;
				CLANG_WARN_OBJC_IMPLICIT_RETAIN_SELF = YES;
				CLANG_WARN_OBJC_LITERAL_CONVERSION = YES;
				CLANG_WARN_OBJC_ROOT_CLASS = YES_ERROR;
				CLANG_WARN_RANGE_LOOP_ANALYSIS = YES;
				CLANG_WARN_STRICT_PROTOTYPES = YES;
				CLANG_WARN_SUSPICIOUS_MOVE = YES;
				CLANG_WARN_UNGUARDED_AVAILABILITY = YES_AGGRESSIVE;
				CLANG_WARN_UNREACHABLE_CODE = YES;
				CLANG_WARN__DUPLICATE_METHOD_MATCH = YES;
				CODE_SIGN_IDENTITY = "iPhone Developer";
				COPY_PHASE_STRIP = NO;
				DEBUG_INFORMATION_FORMAT = dwarf;
				ENABLE_STRICT_OBJC_MSGSEND = YES;
				ENABLE_TESTABILITY = YES;
				GCC_C_LANGUAGE_STANDARD = gnu11;
				GCC_DYNAMIC_NO_PIC = NO;
				GCC_NO_COMMON_BLOCKS = YES;
				GCC_OPTIMIZATION_LEVEL = 0;
				GCC_PREPROCESSOR_DEFINITIONS = (
					"DEBUG=1",
					"$(inherited)",
				);
				GCC_WARN_64_TO_32_BIT_CONVERSION = YES;
				GCC_WARN_ABOUT_RETURN_TYPE = YES_ERROR;
				GCC_WARN_UNDECLARED_SELECTOR = YES;
				GCC_WARN_UNINITIALIZED_AUTOS = YES_AGGRESSIVE;
				GCC_WARN_UNUSED_FUNCTION = YES;
				GCC_WARN_UNUSED_VARIABLE = YES;
				IPHONEOS_DEPLOYMENT_TARGET = 11.4;
				MTL_ENABLE_DEBUG_INFO = YES;
				ONLY_ACTIVE_ARCH = YES;
				SDKROOT = iphoneos;
				SWIFT_ACTIVE_COMPILATION_CONDITIONS = DEBUG;
				SWIFT_OPTIMIZATION_LEVEL = "-Onone";
			};
			name = Debug;
		};
		B27E9F192138258D008328AF /* Release */ = {
			isa = XCBuildConfiguration;
			buildSettings = {
				ALWAYS_SEARCH_USER_PATHS = NO;
				CLANG_ANALYZER_NONNULL = YES;
				CLANG_ANALYZER_NUMBER_OBJECT_CONVERSION = YES_AGGRESSIVE;
				CLANG_CXX_LANGUAGE_STANDARD = "gnu++14";
				CLANG_CXX_LIBRARY = "libc++";
				CLANG_ENABLE_MODULES = YES;
				CLANG_ENABLE_OBJC_ARC = YES;
				CLANG_ENABLE_OBJC_WEAK = YES;
				CLANG_WARN_BLOCK_CAPTURE_AUTORELEASING = YES;
				CLANG_WARN_BOOL_CONVERSION = YES;
				CLANG_WARN_COMMA = YES;
				CLANG_WARN_CONSTANT_CONVERSION = YES;
				CLANG_WARN_DEPRECATED_OBJC_IMPLEMENTATIONS = YES;
				CLANG_WARN_DIRECT_OBJC_ISA_USAGE = YES_ERROR;
				CLANG_WARN_DOCUMENTATION_COMMENTS = YES;
				CLANG_WARN_EMPTY_BODY = YES;
				CLANG_WARN_ENUM_CONVERSION = YES;
				CLANG_WARN_INFINITE_RECURSION = YES;
				CLANG_WARN_INT_CONVERSION = YES;
				CLANG_WARN_NON_LITERAL_NULL_CONVERSION = YES;
				CLANG_WARN_OBJC_IMPLICIT_RETAIN_SELF = YES;
				CLANG_WARN_OBJC_LITERAL_CONVERSION = YES;
				CLANG_WARN_OBJC_ROOT_CLASS = YES_ERROR;
				CLANG_WARN_RANGE_LOOP_ANALYSIS = YES;
				CLANG_WARN_STRICT_PROTOTYPES = YES;
				CLANG_WARN_SUSPICIOUS_MOVE = YES;
				CLANG_WARN_UNGUARDED_AVAILABILITY = YES_AGGRESSIVE;
				CLANG_WARN_UNREACHABLE_CODE = YES;
				CLANG_WARN__DUPLICATE_METHOD_MATCH = YES;
				CODE_SIGN_IDENTITY = "iPhone Developer";
				COPY_PHASE_STRIP = NO;
				DEBUG_INFORMATION_FORMAT = "dwarf-with-dsym";
				ENABLE_NS_ASSERTIONS = NO;
				ENABLE_STRICT_OBJC_MSGSEND = YES;
				GCC_C_LANGUAGE_STANDARD = gnu11;
				GCC_NO_COMMON_BLOCKS = YES;
				GCC_WARN_64_TO_32_BIT_CONVERSION = YES;
				GCC_WARN_ABOUT_RETURN_TYPE = YES_ERROR;
				GCC_WARN_UNDECLARED_SELECTOR = YES;
				GCC_WARN_UNINITIALIZED_AUTOS = YES_AGGRESSIVE;
				GCC_WARN_UNUSED_FUNCTION = YES;
				GCC_WARN_UNUSED_VARIABLE = YES;
				IPHONEOS_DEPLOYMENT_TARGET = 11.4;
				MTL_ENABLE_DEBUG_INFO = NO;
				SDKROOT = iphoneos;
				SWIFT_COMPILATION_MODE = wholemodule;
				SWIFT_OPTIMIZATION_LEVEL = "-O";
				VALIDATE_PRODUCT = YES;
			};
			name = Release;
		};
		B27E9F1B2138258D008328AF /* Debug */ = {
			isa = XCBuildConfiguration;
			baseConfigurationReference = 4DE6F53A253C3CE6ED949D03 /* Pods-BookingMap.debug.xcconfig */;
			buildSettings = {
				ASSETCATALOG_COMPILER_APPICON_NAME = AppIcon;
				CODE_SIGN_STYLE = Automatic;
				DEVELOPMENT_TEAM = UV6U5MPL6V;
				INFOPLIST_FILE = "$(SRCROOT)/BookingMap/Supporting Files/Info.plist";
				LD_RUNPATH_SEARCH_PATHS = (
					"$(inherited)",
					"@executable_path/Frameworks",
				);
				PRODUCT_BUNDLE_IDENTIFIER = hr.fer.tel.BookingMap;
				PRODUCT_NAME = "$(TARGET_NAME)";
				SWIFT_VERSION = 4.0;
				TARGETED_DEVICE_FAMILY = "1,2";
			};
			name = Debug;
		};
		B27E9F1C2138258D008328AF /* Release */ = {
			isa = XCBuildConfiguration;
			baseConfigurationReference = 2B6B0F091F35ACF26E625465 /* Pods-BookingMap.release.xcconfig */;
			buildSettings = {
				ASSETCATALOG_COMPILER_APPICON_NAME = AppIcon;
				CODE_SIGN_STYLE = Automatic;
				DEVELOPMENT_TEAM = UV6U5MPL6V;
				INFOPLIST_FILE = "$(SRCROOT)/BookingMap/Supporting Files/Info.plist";
				LD_RUNPATH_SEARCH_PATHS = (
					"$(inherited)",
					"@executable_path/Frameworks",
				);
				PRODUCT_BUNDLE_IDENTIFIER = hr.fer.tel.BookingMap;
				PRODUCT_NAME = "$(TARGET_NAME)";
				SWIFT_VERSION = 4.0;
				TARGETED_DEVICE_FAMILY = "1,2";
			};
			name = Release;
		};
/* End XCBuildConfiguration section */

/* Begin XCConfigurationList section */
		B27E9F0321382587008328AF /* Build configuration list for PBXProject "BookingMap" */ = {
			isa = XCConfigurationList;
			buildConfigurations = (
				B27E9F182138258D008328AF /* Debug */,
				B27E9F192138258D008328AF /* Release */,
			);
			defaultConfigurationIsVisible = 0;
			defaultConfigurationName = Release;
		};
		B27E9F1A2138258D008328AF /* Build configuration list for PBXNativeTarget "BookingMap" */ = {
			isa = XCConfigurationList;
			buildConfigurations = (
				B27E9F1B2138258D008328AF /* Debug */,
				B27E9F1C2138258D008328AF /* Release */,
			);
			defaultConfigurationIsVisible = 0;
			defaultConfigurationName = Release;
		};
/* End XCConfigurationList section */
	};
	rootObject = B27E9F0021382587008328AF /* Project object */;
}
